
Microsoft Visual Studio Solution File, Format Version 12.00
# Visual Studio Version 17
VisualStudioVersion = 17.0.31903.59
MinimumVisualStudioVersion = 10.0.40219.1
Project("{2150E333-8FDC-42A3-9474-1A3956D46DE8}") = "src", "src", "{FD9B3DFC-FACF-4246-B2AE-FA43F9981FF8}"
	ProjectSection(SolutionItems) = preProject
		UniversityTriggers.txt = UniversityTriggers.txt
	EndProjectSection
EndProject
Project("{2150E333-8FDC-42A3-9474-1A3956D46DE8}") = "School.Platform", "School.Platform", "{D6BAB4D9-8323-4E3D-AE68-53E450916AC3}"
EndProject
Project("{9A19103F-16F7-4668-BE54-9A1E7A4F7556}") = "School.Api", "src\School.Platform\School.Api\School.Api.csproj", "{02F3E7EB-C27C-49A7-978F-DF286CBD2327}"
EndProject
Project("{2150E333-8FDC-42A3-9474-1A3956D46DE8}") = "University.Platform", "University.Platform", "{0CF6119F-C210-4532-ACE6-D0D9BA1F527F}"
EndProject
Project("{9A19103F-16F7-4668-BE54-9A1E7A4F7556}") = "University.Api", "src\University.Platform\University.Api\University.Api.csproj", "{880E887F-48F7-4DF9-9E45-3867309FCF37}"
EndProject
Project("{2150E333-8FDC-42A3-9474-1A3956D46DE8}") = "Kadastr.Platform", "Kadastr.Platform", "{71BAFDB5-C236-4A7B-B7A7-FBAC3217C4B3}"
EndProject
Project("{9A19103F-16F7-4668-BE54-9A1E7A4F7556}") = "Kadastr.Api", "src\Kadastr.Platform\Kadastr.Api\Kadastr.Api.csproj", "{D5B39597-992A-4860-9E34-9132A9C94FE9}"
EndProject
Project("{2150E333-8FDC-42A3-9474-1A3956D46DE8}") = "PublicTransport.Platform", "PublicTransport.Platform", "{9C4F5C3D-7241-4FCD-9224-5EC57F0B4825}"
EndProject
Project("{9A19103F-16F7-4668-BE54-9A1E7A4F7556}") = "PublicTransport.Api", "src\PublicTransport.Platform\PublicTransport.Api\PublicTransport.Api.csproj", "{05B5052B-2D21-4AE9-94A3-87E5086A41BE}"
EndProject
Project("{9A19103F-16F7-4668-BE54-9A1E7A4F7556}") = "Kadastr.Domain", "src\Kadastr.Platform\Kadastr.Domain\Kadastr.Domain.csproj", "{6DA1C5E2-DB5F-416C-B48E-2152FA3DF903}"
EndProject
Project("{9A19103F-16F7-4668-BE54-9A1E7A4F7556}") = "Kadastr.Service", "src\Kadastr.Platform\Kadastr.Service\Kadastr.Service.csproj", "{1734831D-F0BE-485D-A65C-8508DE0C65D9}"
EndProject
Project("{9A19103F-16F7-4668-BE54-9A1E7A4F7556}") = "Kadastr.DataAccess", "src\Kadastr.Platform\Kadastr.DataAccess\Kadastr.DataAccess.csproj", "{34EFB0B0-DEA2-4F1F-ABC0-5E55FFDDFEB4}"
EndProject
Project("{9A19103F-16F7-4668-BE54-9A1E7A4F7556}") = "PublicTransport.Domain", "src\PublicTransport.Platform\PublicTransport.Domain\PublicTransport.Domain.csproj", "{A11A7C05-9688-48AA-AA6A-C0F8DC5919D6}"
EndProject
Project("{9A19103F-16F7-4668-BE54-9A1E7A4F7556}") = "PublicTransport.Service", "src\PublicTransport.Platform\PublicTransport.Service\PublicTransport.Service.csproj", "{C31CF56E-0A1C-4F3B-A781-38BF18CACF9B}"
EndProject
Project("{9A19103F-16F7-4668-BE54-9A1E7A4F7556}") = "PublicTransport.DataAccess", "src\PublicTransport.Platform\PublicTransport.DataAccess\PublicTransport.DataAccess.csproj", "{2D64502F-50C2-4E53-8E55-ABAF57AB3636}"
EndProject
Project("{9A19103F-16F7-4668-BE54-9A1E7A4F7556}") = "School.Domain", "src\School.Platform\School.Domain\School.Domain.csproj", "{FD7BDE66-88EF-41B8-A526-17056C47711B}"
EndProject
Project("{9A19103F-16F7-4668-BE54-9A1E7A4F7556}") = "School.Service", "src\School.Platform\School.Service\School.Service.csproj", "{B2A66B87-DC74-4D4C-8EE2-C0B9EEFA69F2}"
EndProject
Project("{9A19103F-16F7-4668-BE54-9A1E7A4F7556}") = "School.DataAccess", "src\School.Platform\School.DataAccess\School.DataAccess.csproj", "{74A4042B-3D7E-44A0-B64D-B2EA23542AA8}"
EndProject
Project("{9A19103F-16F7-4668-BE54-9A1E7A4F7556}") = "University.Domain", "src\University.Platform\University.Domain\University.Domain.csproj", "{5613112F-3A33-4FE9-B538-2D243DA809DD}"
EndProject
Project("{9A19103F-16F7-4668-BE54-9A1E7A4F7556}") = "University.Service", "src\University.Platform\University.Service\University.Service.csproj", "{6BA074CF-6F6A-4E0A-918F-9BA2E337FF25}"
EndProject
Project("{9A19103F-16F7-4668-BE54-9A1E7A4F7556}") = "University.DataAccess", "src\University.Platform\University.DataAccess\University.DataAccess.csproj", "{A05DC58D-83FC-4183-ABFA-126B2021C21C}"
EndProject
Project("{2150E333-8FDC-42A3-9474-1A3956D46DE8}") = "ApiGetaway", "ApiGetaway", "{2E39CAC9-13BD-4A67-B499-34952074847D}"
EndProject
Project("{9A19103F-16F7-4668-BE54-9A1E7A4F7556}") = "ApiGetaway", "src\ApiGetaway\ApiGetaway\ApiGetaway.csproj", "{36E49147-FC2B-4D4C-A009-9419E4A733D6}"
EndProject
Project("{2150E333-8FDC-42A3-9474-1A3956D46DE8}") = "Autorization", "Autorization", "{15074D28-BB01-487B-9A6A-96BE79F9CBC0}"
EndProject
Project("{9A19103F-16F7-4668-BE54-9A1E7A4F7556}") = "Autorization.Api", "src\Autorization\Autorization.Api\Autorization.Api.csproj", "{FF82DC2A-0DEF-4CF5-8167-141E1C0099E9}"
EndProject
Project("{2150E333-8FDC-42A3-9474-1A3956D46DE8}") = "TelegramBot", "TelegramBot", "{6298FFBF-DDF1-4037-8FD1-9E6CC8C6152F}"
EndProject
Project("{9A19103F-16F7-4668-BE54-9A1E7A4F7556}") = "TelegramBot", "src\TelegramBot\TelegramBot\TelegramBot.csproj", "{03179E3A-EED9-4A84-8D6F-84433C585881}"
EndProject
Global
	GlobalSection(SolutionConfigurationPlatforms) = preSolution
		Debug|Any CPU = Debug|Any CPU
		Release|Any CPU = Release|Any CPU
	EndGlobalSection
	GlobalSection(ProjectConfigurationPlatforms) = postSolution
		{02F3E7EB-C27C-49A7-978F-DF286CBD2327}.Debug|Any CPU.ActiveCfg = Debug|Any CPU
		{02F3E7EB-C27C-49A7-978F-DF286CBD2327}.Debug|Any CPU.Build.0 = Debug|Any CPU
		{02F3E7EB-C27C-49A7-978F-DF286CBD2327}.Release|Any CPU.ActiveCfg = Release|Any CPU
		{02F3E7EB-C27C-49A7-978F-DF286CBD2327}.Release|Any CPU.Build.0 = Release|Any CPU
		{880E887F-48F7-4DF9-9E45-3867309FCF37}.Debug|Any CPU.ActiveCfg = Debug|Any CPU
		{880E887F-48F7-4DF9-9E45-3867309FCF37}.Debug|Any CPU.Build.0 = Debug|Any CPU
		{880E887F-48F7-4DF9-9E45-3867309FCF37}.Release|Any CPU.ActiveCfg = Release|Any CPU
		{880E887F-48F7-4DF9-9E45-3867309FCF37}.Release|Any CPU.Build.0 = Release|Any CPU
		{D5B39597-992A-4860-9E34-9132A9C94FE9}.Debug|Any CPU.ActiveCfg = Debug|Any CPU
		{D5B39597-992A-4860-9E34-9132A9C94FE9}.Debug|Any CPU.Build.0 = Debug|Any CPU
		{D5B39597-992A-4860-9E34-9132A9C94FE9}.Release|Any CPU.ActiveCfg = Release|Any CPU
		{D5B39597-992A-4860-9E34-9132A9C94FE9}.Release|Any CPU.Build.0 = Release|Any CPU
		{05B5052B-2D21-4AE9-94A3-87E5086A41BE}.Debug|Any CPU.ActiveCfg = Debug|Any CPU
		{05B5052B-2D21-4AE9-94A3-87E5086A41BE}.Debug|Any CPU.Build.0 = Debug|Any CPU
		{05B5052B-2D21-4AE9-94A3-87E5086A41BE}.Release|Any CPU.ActiveCfg = Release|Any CPU
		{05B5052B-2D21-4AE9-94A3-87E5086A41BE}.Release|Any CPU.Build.0 = Release|Any CPU
		{6DA1C5E2-DB5F-416C-B48E-2152FA3DF903}.Debug|Any CPU.ActiveCfg = Debug|Any CPU
		{6DA1C5E2-DB5F-416C-B48E-2152FA3DF903}.Debug|Any CPU.Build.0 = Debug|Any CPU
		{6DA1C5E2-DB5F-416C-B48E-2152FA3DF903}.Release|Any CPU.ActiveCfg = Release|Any CPU
		{6DA1C5E2-DB5F-416C-B48E-2152FA3DF903}.Release|Any CPU.Build.0 = Release|Any CPU
		{1734831D-F0BE-485D-A65C-8508DE0C65D9}.Debug|Any CPU.ActiveCfg = Debug|Any CPU
		{1734831D-F0BE-485D-A65C-8508DE0C65D9}.Debug|Any CPU.Build.0 = Debug|Any CPU
		{1734831D-F0BE-485D-A65C-8508DE0C65D9}.Release|Any CPU.ActiveCfg = Release|Any CPU
		{1734831D-F0BE-485D-A65C-8508DE0C65D9}.Release|Any CPU.Build.0 = Release|Any CPU
		{34EFB0B0-DEA2-4F1F-ABC0-5E55FFDDFEB4}.Debug|Any CPU.ActiveCfg = Debug|Any CPU
		{34EFB0B0-DEA2-4F1F-ABC0-5E55FFDDFEB4}.Debug|Any CPU.Build.0 = Debug|Any CPU
		{34EFB0B0-DEA2-4F1F-ABC0-5E55FFDDFEB4}.Release|Any CPU.ActiveCfg = Release|Any CPU
		{34EFB0B0-DEA2-4F1F-ABC0-5E55FFDDFEB4}.Release|Any CPU.Build.0 = Release|Any CPU
		{A11A7C05-9688-48AA-AA6A-C0F8DC5919D6}.Debug|Any CPU.ActiveCfg = Debug|Any CPU
		{A11A7C05-9688-48AA-AA6A-C0F8DC5919D6}.Debug|Any CPU.Build.0 = Debug|Any CPU
		{A11A7C05-9688-48AA-AA6A-C0F8DC5919D6}.Release|Any CPU.ActiveCfg = Release|Any CPU
		{A11A7C05-9688-48AA-AA6A-C0F8DC5919D6}.Release|Any CPU.Build.0 = Release|Any CPU
		{C31CF56E-0A1C-4F3B-A781-38BF18CACF9B}.Debug|Any CPU.ActiveCfg = Debug|Any CPU
		{C31CF56E-0A1C-4F3B-A781-38BF18CACF9B}.Debug|Any CPU.Build.0 = Debug|Any CPU
		{C31CF56E-0A1C-4F3B-A781-38BF18CACF9B}.Release|Any CPU.ActiveCfg = Release|Any CPU
		{C31CF56E-0A1C-4F3B-A781-38BF18CACF9B}.Release|Any CPU.Build.0 = Release|Any CPU
		{2D64502F-50C2-4E53-8E55-ABAF57AB3636}.Debug|Any CPU.ActiveCfg = Debug|Any CPU
		{2D64502F-50C2-4E53-8E55-ABAF57AB3636}.Debug|Any CPU.Build.0 = Debug|Any CPU
		{2D64502F-50C2-4E53-8E55-ABAF57AB3636}.Release|Any CPU.ActiveCfg = Release|Any CPU
		{2D64502F-50C2-4E53-8E55-ABAF57AB3636}.Release|Any CPU.Build.0 = Release|Any CPU
		{FD7BDE66-88EF-41B8-A526-17056C47711B}.Debug|Any CPU.ActiveCfg = Debug|Any CPU
		{FD7BDE66-88EF-41B8-A526-17056C47711B}.Debug|Any CPU.Build.0 = Debug|Any CPU
		{FD7BDE66-88EF-41B8-A526-17056C47711B}.Release|Any CPU.ActiveCfg = Release|Any CPU
		{FD7BDE66-88EF-41B8-A526-17056C47711B}.Release|Any CPU.Build.0 = Release|Any CPU
		{B2A66B87-DC74-4D4C-8EE2-C0B9EEFA69F2}.Debug|Any CPU.ActiveCfg = Debug|Any CPU
		{B2A66B87-DC74-4D4C-8EE2-C0B9EEFA69F2}.Debug|Any CPU.Build.0 = Debug|Any CPU
		{B2A66B87-DC74-4D4C-8EE2-C0B9EEFA69F2}.Release|Any CPU.ActiveCfg = Release|Any CPU
		{B2A66B87-DC74-4D4C-8EE2-C0B9EEFA69F2}.Release|Any CPU.Build.0 = Release|Any CPU
		{74A4042B-3D7E-44A0-B64D-B2EA23542AA8}.Debug|Any CPU.ActiveCfg = Debug|Any CPU
		{74A4042B-3D7E-44A0-B64D-B2EA23542AA8}.Debug|Any CPU.Build.0 = Debug|Any CPU
		{74A4042B-3D7E-44A0-B64D-B2EA23542AA8}.Release|Any CPU.ActiveCfg = Release|Any CPU
		{74A4042B-3D7E-44A0-B64D-B2EA23542AA8}.Release|Any CPU.Build.0 = Release|Any CPU
		{5613112F-3A33-4FE9-B538-2D243DA809DD}.Debug|Any CPU.ActiveCfg = Debug|Any CPU
		{5613112F-3A33-4FE9-B538-2D243DA809DD}.Debug|Any CPU.Build.0 = Debug|Any CPU
		{5613112F-3A33-4FE9-B538-2D243DA809DD}.Release|Any CPU.ActiveCfg = Release|Any CPU
		{5613112F-3A33-4FE9-B538-2D243DA809DD}.Release|Any CPU.Build.0 = Release|Any CPU
		{6BA074CF-6F6A-4E0A-918F-9BA2E337FF25}.Debug|Any CPU.ActiveCfg = Debug|Any CPU
		{6BA074CF-6F6A-4E0A-918F-9BA2E337FF25}.Debug|Any CPU.Build.0 = Debug|Any CPU
		{6BA074CF-6F6A-4E0A-918F-9BA2E337FF25}.Release|Any CPU.ActiveCfg = Release|Any CPU
		{6BA074CF-6F6A-4E0A-918F-9BA2E337FF25}.Release|Any CPU.Build.0 = Release|Any CPU
		{A05DC58D-83FC-4183-ABFA-126B2021C21C}.Debug|Any CPU.ActiveCfg = Debug|Any CPU
		{A05DC58D-83FC-4183-ABFA-126B2021C21C}.Debug|Any CPU.Build.0 = Debug|Any CPU
		{A05DC58D-83FC-4183-ABFA-126B2021C21C}.Release|Any CPU.ActiveCfg = Release|Any CPU
		{A05DC58D-83FC-4183-ABFA-126B2021C21C}.Release|Any CPU.Build.0 = Release|Any CPU
		{36E49147-FC2B-4D4C-A009-9419E4A733D6}.Debug|Any CPU.ActiveCfg = Debug|Any CPU
		{36E49147-FC2B-4D4C-A009-9419E4A733D6}.Debug|Any CPU.Build.0 = Debug|Any CPU
		{36E49147-FC2B-4D4C-A009-9419E4A733D6}.Release|Any CPU.ActiveCfg = Release|Any CPU
		{36E49147-FC2B-4D4C-A009-9419E4A733D6}.Release|Any CPU.Build.0 = Release|Any CPU
		{FF82DC2A-0DEF-4CF5-8167-141E1C0099E9}.Debug|Any CPU.ActiveCfg = Debug|Any CPU
		{FF82DC2A-0DEF-4CF5-8167-141E1C0099E9}.Debug|Any CPU.Build.0 = Debug|Any CPU
		{FF82DC2A-0DEF-4CF5-8167-141E1C0099E9}.Release|Any CPU.ActiveCfg = Release|Any CPU
		{FF82DC2A-0DEF-4CF5-8167-141E1C0099E9}.Release|Any CPU.Build.0 = Release|Any CPU
		{03179E3A-EED9-4A84-8D6F-84433C585881}.Debug|Any CPU.ActiveCfg = Debug|Any CPU
		{03179E3A-EED9-4A84-8D6F-84433C585881}.Debug|Any CPU.Build.0 = Debug|Any CPU
		{03179E3A-EED9-4A84-8D6F-84433C585881}.Release|Any CPU.ActiveCfg = Release|Any CPU
		{03179E3A-EED9-4A84-8D6F-84433C585881}.Release|Any CPU.Build.0 = Release|Any CPU
	EndGlobalSection
	GlobalSection(SolutionProperties) = preSolution
		HideSolutionNode = FALSE
	EndGlobalSection
	GlobalSection(NestedProjects) = preSolution
		{D6BAB4D9-8323-4E3D-AE68-53E450916AC3} = {FD9B3DFC-FACF-4246-B2AE-FA43F9981FF8}
		{02F3E7EB-C27C-49A7-978F-DF286CBD2327} = {D6BAB4D9-8323-4E3D-AE68-53E450916AC3}
		{0CF6119F-C210-4532-ACE6-D0D9BA1F527F} = {FD9B3DFC-FACF-4246-B2AE-FA43F9981FF8}
		{880E887F-48F7-4DF9-9E45-3867309FCF37} = {0CF6119F-C210-4532-ACE6-D0D9BA1F527F}
		{71BAFDB5-C236-4A7B-B7A7-FBAC3217C4B3} = {FD9B3DFC-FACF-4246-B2AE-FA43F9981FF8}
		{D5B39597-992A-4860-9E34-9132A9C94FE9} = {71BAFDB5-C236-4A7B-B7A7-FBAC3217C4B3}
		{9C4F5C3D-7241-4FCD-9224-5EC57F0B4825} = {FD9B3DFC-FACF-4246-B2AE-FA43F9981FF8}
		{05B5052B-2D21-4AE9-94A3-87E5086A41BE} = {9C4F5C3D-7241-4FCD-9224-5EC57F0B4825}
		{6DA1C5E2-DB5F-416C-B48E-2152FA3DF903} = {71BAFDB5-C236-4A7B-B7A7-FBAC3217C4B3}
		{1734831D-F0BE-485D-A65C-8508DE0C65D9} = {71BAFDB5-C236-4A7B-B7A7-FBAC3217C4B3}
		{34EFB0B0-DEA2-4F1F-ABC0-5E55FFDDFEB4} = {71BAFDB5-C236-4A7B-B7A7-FBAC3217C4B3}
		{A11A7C05-9688-48AA-AA6A-C0F8DC5919D6} = {9C4F5C3D-7241-4FCD-9224-5EC57F0B4825}
		{C31CF56E-0A1C-4F3B-A781-38BF18CACF9B} = {9C4F5C3D-7241-4FCD-9224-5EC57F0B4825}
		{2D64502F-50C2-4E53-8E55-ABAF57AB3636} = {9C4F5C3D-7241-4FCD-9224-5EC57F0B4825}
		{FD7BDE66-88EF-41B8-A526-17056C47711B} = {D6BAB4D9-8323-4E3D-AE68-53E450916AC3}
		{B2A66B87-DC74-4D4C-8EE2-C0B9EEFA69F2} = {D6BAB4D9-8323-4E3D-AE68-53E450916AC3}
		{74A4042B-3D7E-44A0-B64D-B2EA23542AA8} = {D6BAB4D9-8323-4E3D-AE68-53E450916AC3}
		{5613112F-3A33-4FE9-B538-2D243DA809DD} = {0CF6119F-C210-4532-ACE6-D0D9BA1F527F}
		{6BA074CF-6F6A-4E0A-918F-9BA2E337FF25} = {0CF6119F-C210-4532-ACE6-D0D9BA1F527F}
		{A05DC58D-83FC-4183-ABFA-126B2021C21C} = {0CF6119F-C210-4532-ACE6-D0D9BA1F527F}
		{2E39CAC9-13BD-4A67-B499-34952074847D} = {FD9B3DFC-FACF-4246-B2AE-FA43F9981FF8}
		{36E49147-FC2B-4D4C-A009-9419E4A733D6} = {2E39CAC9-13BD-4A67-B499-34952074847D}
		{15074D28-BB01-487B-9A6A-96BE79F9CBC0} = {FD9B3DFC-FACF-4246-B2AE-FA43F9981FF8}
		{FF82DC2A-0DEF-4CF5-8167-141E1C0099E9} = {15074D28-BB01-487B-9A6A-96BE79F9CBC0}
		{6298FFBF-DDF1-4037-8FD1-9E6CC8C6152F} = {FD9B3DFC-FACF-4246-B2AE-FA43F9981FF8}
		{03179E3A-EED9-4A84-8D6F-84433C585881} = {6298FFBF-DDF1-4037-8FD1-9E6CC8C6152F}
	EndGlobalSection
	GlobalSection(ExtensibilityGlobals) = postSolution
		SolutionGuid = {A0457363-FDFD-4B69-AA8C-6F316BAB34A3}
	EndGlobalSection
EndGlobal
